{
  "name": "devops",
  "version": "0.0.1",
  "lockfileVersion": 1,
  "requires": true,
  "dependencies": {
    "@types/jquery": {
      "version": "2.0.48",
      "resolved": "http://registry.npm.taobao.org/@types/jquery/download/@types/jquery-2.0.48.tgz",
      "integrity": "sha1-PpDYzeLSkBXlWDAX94MMs5dbLu8="
    },
    "asap": {
      "version": "2.0.6",
      "resolved": "https://nexus.choerodon.com.cn/repository/choerodon-npm/asap/-/asap-2.0.6.tgz",
      "integrity": "sha1-5QNHYR1+aQlDIIu9r+vLwvuGbUY="
    },
    "babel-runtime": {
      "version": "6.26.0",
      "resolved": "https://nexus.choerodon.com.cn/repository/choerodon-npm/babel-runtime/-/babel-runtime-6.26.0.tgz",
      "integrity": "sha1-llxwWGaOgrVde/4E/yM3vItWR/4=",
      "requires": {
        "core-js": "2.5.5",
        "regenerator-runtime": "0.11.1"
      }
    },
    "brace": {
      "version": "0.11.1",
      "resolved": "https://nexus.choerodon.com.cn/repository/choerodon-npm/brace/-/brace-0.11.1.tgz",
      "integrity": "sha1-SJb8ydVE7vRfS7dmDbMg07N5/lg="
    },
    "chain-function": {
      "version": "1.0.0",
      "resolved": "https://registry.npmjs.org/chain-function/-/chain-function-1.0.0.tgz",
      "integrity": "sha1-DUqzfn4Y6tC9xHuSB2QRjOWHM9w="
    },
    "classnames": {
      "version": "2.2.5",
      "resolved": "https://registry.npmjs.org/classnames/-/classnames-2.2.5.tgz",
      "integrity": "sha1-+zgB1FNGdknvNgPH1hoCvRKb3m0="
    },
    "codemirror": {
      "version": "5.36.0",
      "resolved": "https://registry.npmjs.org/codemirror/-/codemirror-5.36.0.tgz",
      "integrity": "sha512-XGR+ic+9DSMSE4mD2XLinGrMcIO4xbHpNrPzAFpCW5bjy+Em8fUOTCpagVP/+LLtTQsAROqrq1f55KyRxDcokA=="
    },
    "copy-to-clipboard": {
      "version": "3.0.8",
      "resolved": "https://nexus.choerodon.com.cn/repository/choerodon-npm/copy-to-clipboard/-/copy-to-clipboard-3.0.8.tgz",
      "integrity": "sha1-9OgvSogw3ORma3643tDJvMMTq6k=",
      "requires": {
        "toggle-selection": "1.0.6"
      }
    },
    "core-js": {
      "version": "2.5.5",
      "resolved": "http://registry.npm.taobao.org/core-js/download/core-js-2.5.5.tgz",
      "integrity": "sha1-sU3ek2xkDAV5prUMq8wTLdYSfjs="
    },
    "create-react-class": {
      "version": "15.6.3",
      "resolved": "https://registry.npmjs.org/create-react-class/-/create-react-class-15.6.3.tgz",
      "integrity": "sha512-M+/3Q6E6DLO6Yx3OwrWjwHBnvfXXYA7W+dFjt/ZDBemHO1DDZhsalX/NUtnTYclN6GfnBDRh4qRHjcDHmlJBJg==",
      "requires": {
        "fbjs": "0.8.16",
        "loose-envify": "1.3.1",
        "object-assign": "4.1.1"
      }
    },
    "deep-diff": {
      "version": "1.0.0",
      "resolved": "http://npm.saas.hand-china.com/deep-diff/-/deep-diff-1.0.0.tgz",
      "integrity": "sha1-DdVflBLyKgey7b+7EbtGM75r5As="
    },
    "deep-eql": {
      "version": "3.0.1",
      "resolved": "https://registry.npmjs.org/deep-eql/-/deep-eql-3.0.1.tgz",
      "integrity": "sha512-+QeIQyN5ZuO+3Uk5DYh6/1eKO0m0YmJFGNmFHGACpf1ClL1nmlV/p4gNgbl2pJGxgXb4faqo6UE+M5ACEMyVcw==",
      "requires": {
        "type-detect": "4.0.8"
      }
    },
    "diff-match-patch": {
      "version": "1.0.0",
      "resolved": "https://registry.npmjs.org/diff-match-patch/-/diff-match-patch-1.0.0.tgz",
      "integrity": "sha1-HMPIOkkNZ/ldkeOfatHy4Ia2MEg="
    },
    "disposables": {
      "version": "1.0.2",
      "resolved": "https://nexus.choerodon.com.cn/repository/choerodon-npm/disposables/-/disposables-1.0.2.tgz",
      "integrity": "sha1-NsamdEdfVaLWkTVnpgFETkh7S24="
    },
    "dnd-core": {
      "version": "2.6.0",
      "resolved": "https://nexus.choerodon.com.cn/repository/choerodon-npm/dnd-core/-/dnd-core-2.6.0.tgz",
      "integrity": "sha1-ErrWbVh0LG5ffPKUP7aFlED4CcQ=",
      "requires": {
        "asap": "2.0.6",
        "invariant": "2.2.4",
        "lodash": "4.17.5",
        "redux": "3.7.2"
      }
    },
    "dom-helpers": {
      "version": "3.3.1",
      "resolved": "https://registry.npmjs.org/dom-helpers/-/dom-helpers-3.3.1.tgz",
      "integrity": "sha512-2Sm+JaYn74OiTM2wHvxJOo3roiq/h25Yi69Fqk269cNUwIXsCvATB6CRSFC9Am/20G2b28hGv/+7NiWydIrPvg=="
    },
    "encoding": {
      "version": "0.1.12",
      "resolved": "https://nexus.choerodon.com.cn/repository/choerodon-npm/encoding/-/encoding-0.1.12.tgz",
      "integrity": "sha1-U4tm8+5izRq1HsMjgp0flIDHS+s=",
      "requires": {
        "iconv-lite": "0.4.21"
      }
    },
    "fbjs": {
      "version": "0.8.16",
      "resolved": "https://nexus.choerodon.com.cn/repository/choerodon-npm/fbjs/-/fbjs-0.8.16.tgz",
      "integrity": "sha1-XmdDL1UNxBtXK/VYR7ispk5TN9s=",
      "requires": {
        "core-js": "1.2.7",
        "isomorphic-fetch": "2.2.1",
        "loose-envify": "1.3.1",
        "object-assign": "4.1.1",
        "promise": "7.3.1",
        "setimmediate": "1.0.5",
        "ua-parser-js": "0.7.17"
      },
      "dependencies": {
        "core-js": {
          "version": "1.2.7",
          "resolved": "https://nexus.choerodon.com.cn/repository/choerodon-npm/core-js/-/core-js-1.2.7.tgz",
          "integrity": "sha1-ZSKUwUZR2yj6k70tX/KYOk8IxjY="
        }
      }
    },
    "hoist-non-react-statics": {
      "version": "2.5.0",
      "resolved": "https://registry.npmjs.org/hoist-non-react-statics/-/hoist-non-react-statics-2.5.0.tgz",
      "integrity": "sha512-6Bl6XsDT1ntE0lHbIhr4Kp2PGcleGZ66qu5Jqk8lc0Xc/IeG6gVLmwUGs/K0Us+L8VWoKgj0uWdPMataOsm31w=="
    },
    "iconv-lite": {
      "version": "0.4.21",
      "resolved": "http://registry.npm.taobao.org/iconv-lite/download/iconv-lite-0.4.21.tgz",
      "integrity": "sha1-xH+HM9AhcRievEpADzIY00gJR5g=",
      "requires": {
        "safer-buffer": "2.1.2"
      }
    },
    "invariant": {
      "version": "2.2.4",
      "resolved": "https://registry.npmjs.org/invariant/-/invariant-2.2.4.tgz",
      "integrity": "sha512-phJfQVBuaJM5raOpJjSfkiD6BpbCE4Ns//LaXl6wGYtUBY83nWS6Rf9tXm2e8VaK60JEjYldbPif/A2B1C2gNA==",
      "requires": {
        "loose-envify": "1.3.1"
      }
    },
    "is-stream": {
      "version": "1.1.0",
      "resolved": "https://nexus.choerodon.com.cn/repository/choerodon-npm/is-stream/-/is-stream-1.1.0.tgz",
      "integrity": "sha1-EtSj3U5o4Lec6428hBc66A2RykQ="
    },
    "isomorphic-fetch": {
      "version": "2.2.1",
      "resolved": "https://nexus.choerodon.com.cn/repository/choerodon-npm/isomorphic-fetch/-/isomorphic-fetch-2.2.1.tgz",
      "integrity": "sha1-YRrhrPFPXoH3KVB0coGf6XM1WKk=",
      "requires": {
        "node-fetch": "1.7.3",
        "whatwg-fetch": "2.0.4"
      }
    },
    "js-tokens": {
      "version": "3.0.2",
      "resolved": "https://nexus.choerodon.com.cn/repository/choerodon-npm/js-tokens/-/js-tokens-3.0.2.tgz",
      "integrity": "sha1-mGbfOVECEw449/mWvOtlRDIJwls="
    },
    "json-beautify": {
      "version": "1.0.1",
      "resolved": "https://nexus.choerodon.com.cn/repository/choerodon-npm/json-beautify/-/json-beautify-1.0.1.tgz",
      "integrity": "sha1-WYtQ1Mjqm4/KWru0C34svTrUwvw="
    },
    "lodash": {
      "version": "4.17.5",
      "resolved": "https://registry.npmjs.org/lodash/-/lodash-4.17.5.tgz",
      "integrity": "sha512-svL3uiZf1RwhH+cWrfZn3A4+U58wbP0tGVTLQPbjplZxZ8ROD9VLuNgsRniTlLe7OlSqR79RUehXgpBW/s0IQw=="
    },
    "lodash-es": {
      "version": "4.17.8",
      "resolved": "https://registry.npmjs.org/lodash-es/-/lodash-es-4.17.8.tgz",
      "integrity": "sha512-I9mjAxengFAleSThFhhAhvba6fsO0hunb9/0sQ6qQihSZsJRBofv2rYH58WXaOb/O++eUmYpCLywSQ22GfU+sA=="
    },
    "lodash.debounce": {
      "version": "4.0.8",
      "resolved": "https://nexus.choerodon.com.cn/repository/choerodon-npm/lodash.debounce/-/lodash.debounce-4.0.8.tgz",
      "integrity": "sha1-gteb/zCmfEAF/9XiUVMArZyk168="
    },
    "lodash.every": {
      "version": "4.6.0",
      "resolved": "http://registry.npm.taobao.org/lodash.every/download/lodash.every-4.6.0.tgz",
      "integrity": "sha1-64mYS+vENkJ5uzrvu9HKGb+mxqc=",
      "dev": true
    },
    "lodash.filter": {
      "version": "4.6.0",
      "resolved": "http://registry.npm.taobao.org/lodash.filter/download/lodash.filter-4.6.0.tgz",
      "integrity": "sha1-ZosdSYFgOuHMWm+nYBQ+SAtMSs4=",
      "dev": true
    },
    "lodash.get": {
      "version": "4.4.2",
      "resolved": "https://nexus.choerodon.com.cn/repository/choerodon-npm/lodash.get/-/lodash.get-4.4.2.tgz",
      "integrity": "sha1-LRd/ZS+jHpObRDjVNBSZ36OCXpk="
    },
    "lodash.isequal": {
      "version": "4.5.0",
      "resolved": "https://nexus.choerodon.com.cn/repository/choerodon-npm/lodash.isequal/-/lodash.isequal-4.5.0.tgz",
      "integrity": "sha1-QVxEePK8wwEgwizhDtMib30+GOA="
    },
    "lodash.isfunction": {
      "version": "3.0.9",
      "resolved": "http://registry.npm.taobao.org/lodash.isfunction/download/lodash.isfunction-3.0.9.tgz",
      "integrity": "sha1-Bt4l302zJ6yTGYHRvbBn5a9o0FE=",
      "dev": true
    },
    "lodash.isstring": {
      "version": "4.0.1",
      "resolved": "http://registry.npm.taobao.org/lodash.isstring/download/lodash.isstring-4.0.1.tgz",
      "integrity": "sha1-1SfftUVuynzJu5XV2ur4i6VKVFE=",
      "dev": true
    },
    "lodash.keys": {
      "version": "4.2.0",
      "resolved": "http://registry.npm.taobao.org/lodash.keys/download/lodash.keys-4.2.0.tgz",
      "integrity": "sha1-oIYCrBLk+4P5H8H7ejYKTZujUgU=",
      "dev": true
    },
    "lodash.pick": {
      "version": "4.4.0",
      "resolved": "http://registry.npm.taobao.org/lodash.pick/download/lodash.pick-4.4.0.tgz",
      "integrity": "sha1-UvBWEP/53tQiYRRB7R/BI6AwAbM=",
      "dev": true
    },
    "lodash.some": {
      "version": "4.6.0",
      "resolved": "http://registry.npm.taobao.org/lodash.some/download/lodash.some-4.6.0.tgz",
      "integrity": "sha1-G7nzFO9ri63tE7VJFpsqlF62jk0=",
      "dev": true
    },
    "lodash.union": {
      "version": "4.6.0",
      "resolved": "http://registry.npm.taobao.org/lodash.union/download/lodash.union-4.6.0.tgz",
      "integrity": "sha1-SLtQiECfFvGCFmZkHETdGqrjzYg=",
      "dev": true
    },
    "loose-envify": {
      "version": "1.3.1",
      "resolved": "https://nexus.choerodon.com.cn/repository/choerodon-npm/loose-envify/-/loose-envify-1.3.1.tgz",
      "integrity": "sha1-0aitM/qc4OcT1l/dCsi3SNR4yEg=",
      "requires": {
        "js-tokens": "3.0.2"
      }
    },
    "node-fetch": {
      "version": "1.7.3",
      "resolved": "https://nexus.choerodon.com.cn/repository/choerodon-npm/node-fetch/-/node-fetch-1.7.3.tgz",
      "integrity": "sha1-mA9vcthSEaU0fGsrwYxbhMPrR+8=",
      "requires": {
        "encoding": "0.1.12",
        "is-stream": "1.1.0"
      }
    },
    "object-assign": {
      "version": "4.1.1",
      "resolved": "https://nexus.choerodon.com.cn/repository/choerodon-npm/object-assign/-/object-assign-4.1.1.tgz",
      "integrity": "sha1-IQmtx5ZYh8/AXLvUQsrIv7s2CGM="
    },
    "performance-now": {
      "version": "2.1.0",
      "resolved": "http://registry.npm.taobao.org/performance-now/download/performance-now-2.1.0.tgz",
      "integrity": "sha1-Ywn04OX6kT7BxpMHrjZLSzd8nns="
    },
    "promise": {
      "version": "7.3.1",
      "resolved": "https://nexus.choerodon.com.cn/repository/choerodon-npm/promise/-/promise-7.3.1.tgz",
      "integrity": "sha1-BktyYCsY+Q8pGSuLG8QY/9Hr078=",
      "requires": {
        "asap": "2.0.6"
      }
    },
    "prop-types": {
      "version": "15.6.1",
      "resolved": "https://nexus.choerodon.com.cn/repository/choerodon-npm/prop-types/-/prop-types-15.6.1.tgz",
      "integrity": "sha1-NmREU1ZCVd3aORGR+zoSXL32VMo=",
      "requires": {
        "fbjs": "0.8.16",
        "loose-envify": "1.3.1",
        "object-assign": "4.1.1"
      }
    },
    "raf": {
      "version": "3.4.0",
      "resolved": "https://registry.npmjs.org/raf/-/raf-3.4.0.tgz",
      "integrity": "sha512-pDP/NMRAXoTfrhCfyfSEwJAKLaxBU9eApMeBPB1TkDouZmvPerIClV8lTAd+uF8ZiTaVl69e1FCxQrAd/VTjGw==",
      "requires": {
        "performance-now": "2.1.0"
      }
    },
    "rc-queue-anim": {
      "version": "1.5.0",
      "resolved": "https://registry.npmjs.org/rc-queue-anim/-/rc-queue-anim-1.5.0.tgz",
      "integrity": "sha512-zaZ+fEf6tnsyAHD4/ik0+cZ59HAm1RQZbOjQASDbrqM43iQy69URRr4ENtg4cTUJVvrivEg5fyEOzrSIg9+Hfg==",
      "requires": {
        "babel-runtime": "6.26.0",
        "prop-types": "15.6.1",
        "rc-tween-one": "1.7.3"
      }
    },
    "rc-tween-one": {
      "version": "1.7.3",
      "resolved": "https://registry.npmjs.org/rc-tween-one/-/rc-tween-one-1.7.3.tgz",
      "integrity": "sha512-3gSIGMbGoBG2vRtpsO5d70FYggVhNyyFAEKIrDpGRQVzujnW2nGI3E7H/SQ0mkObWCxXzs0MEn7xqYDjbVBYWQ==",
      "requires": {
        "babel-runtime": "6.26.0",
        "deep-eql": "3.0.1",
        "prop-types": "15.6.1",
        "raf": "3.4.0",
        "style-utils": "0.1.16",
        "tween-functions": "1.2.0"
      }
    },
    "react": {
      "version": "15.6.2",
      "resolved": "http://npm.saas.hand-china.com/react/-/react-15.6.2.tgz",
      "integrity": "sha1-26BDSrQ5z+gvEI8PURZjkIF5qnI=",
      "requires": {
        "create-react-class": "15.6.3",
        "fbjs": "0.8.16",
        "loose-envify": "1.3.1",
        "object-assign": "4.1.1",
        "prop-types": "15.6.1"
      }
    },
    "react-ace": {
      "version": "6.0.0",
      "resolved": "https://registry.npmjs.org/react-ace/-/react-ace-6.0.0.tgz",
      "integrity": "sha512-SG+3s7zCGZX1n7wyYhLEmdad4CBx39TdOsgxe1bLo7LG6lACu65CJHyZL3fv+ClTUV/eSg242TD+EluAp2dlOg==",
      "requires": {
        "brace": "0.11.1",
        "diff-match-patch": "1.0.0",
        "lodash.get": "4.4.2",
        "lodash.isequal": "4.5.0",
        "prop-types": "15.6.1"
      }
    },
    "react-ace-editor": {
      "version": "0.0.2",
      "resolved": "https://nexus.choerodon.com.cn/repository/choerodon-npm/react-ace-editor/-/react-ace-editor-0.0.2.tgz",
      "integrity": "sha1-K298qAdwqSUDQ/8h0SqxVc9pFvo=",
      "requires": {
        "prop-types": "15.6.1",
        "react": "15.6.2"
      }
    },
    "react-addons-css-transition-group": {
      "version": "15.6.2",
      "resolved": "https://registry.npmjs.org/react-addons-css-transition-group/-/react-addons-css-transition-group-15.6.2.tgz",
      "integrity": "sha1-nkN2vPQLUhfRTsaFUwgc7ksIptY=",
      "requires": {
        "react-transition-group": "1.2.1"
      }
    },
    "react-codemirror": {
      "version": "1.0.0",
      "resolved": "https://registry.npmjs.org/react-codemirror/-/react-codemirror-1.0.0.tgz",
      "integrity": "sha1-kUZ7U7H12A2Rai/QtMetuFqQAbo=",
      "requires": {
        "classnames": "2.2.5",
        "codemirror": "5.36.0",
        "create-react-class": "15.6.3",
        "lodash.debounce": "4.0.8",
        "lodash.isequal": "4.5.0",
        "prop-types": "15.6.1"
      }
    },
    "react-copy-to-clipboard": {
      "version": "5.0.1",
      "resolved": "https://registry.npmjs.org/react-copy-to-clipboard/-/react-copy-to-clipboard-5.0.1.tgz",
      "integrity": "sha512-ELKq31/E3zjFs5rDWNCfFL4NvNFQvGRoJdAKReD/rUPA+xxiLPQmZBZBvy2vgH7V0GE9isIQpT9WXbwIVErYdA==",
      "requires": {
        "copy-to-clipboard": "3.0.8",
        "prop-types": "15.6.1"
      }
    },
    "react-dnd": {
      "version": "2.6.0",
      "resolved": "https://nexus.choerodon.com.cn/repository/choerodon-npm/react-dnd/-/react-dnd-2.6.0.tgz",
      "integrity": "sha1-f6JWds+CfViokSk+PBq1naACVFo=",
      "requires": {
        "disposables": "1.0.2",
        "dnd-core": "2.6.0",
        "hoist-non-react-statics": "2.5.0",
        "invariant": "2.2.4",
        "lodash": "4.17.5",
        "prop-types": "15.6.1"
      }
    },
    "react-dnd-html5-backend": {
      "version": "2.6.0",
      "resolved": "https://nexus.choerodon.com.cn/repository/choerodon-npm/react-dnd-html5-backend/-/react-dnd-html5-backend-2.6.0.tgz",
      "integrity": "sha1-WQzRzKeEQbsnTt1XH+9MCxbdz44=",
      "requires": {
        "lodash": "4.17.5"
      }
    },
    "react-loading": {
      "version": "1.0.4",
      "resolved": "https://registry.npmjs.org/react-loading/-/react-loading-1.0.4.tgz",
      "integrity": "sha512-juTFOVc2BfjXeavx2UMDuoLBnbTQ7/mLYNjdkuePR7M6mouHqLiPvG/8M0gtOxSHVmC0toHJYj3PBZgTId6c5g=="
    },
    "react-static-container": {
      "version": "1.0.2",
      "resolved": "https://registry.npmjs.org/react-static-container/-/react-static-container-1.0.2.tgz",
      "integrity": "sha512-rxlZtZk5t6Y3gqqpaZ1lxY3RqlQcBU5uGsSoZj/hbF3ZweDqPbFHDkczT4emAxeaw37OD96RAAoayFGFQZCdWg=="
    },
    "react-timeago": {
      "version": "3.4.3",
      "resolved": "https://nexus.choerodon.com.cn/repository/choerodon-npm/react-timeago/-/react-timeago-3.4.3.tgz",
      "integrity": "sha1-65Bh7vsETkorCc6MmdNGRbLb+iU="
    },
    "react-transition-group": {
      "version": "1.2.1",
      "resolved": "https://registry.npmjs.org/react-transition-group/-/react-transition-group-1.2.1.tgz",
      "integrity": "sha512-CWaL3laCmgAFdxdKbhhps+c0HRGF4c+hdM4H23+FI1QBNUyx/AMeIJGWorehPNSaKnQNOAxL7PQmqMu78CDj3Q==",
      "requires": {
        "chain-function": "1.0.0",
        "dom-helpers": "3.3.1",
        "loose-envify": "1.3.1",
        "prop-types": "15.6.1",
        "warning": "3.0.0"
      }
    },
    "redux": {
      "version": "3.7.2",
      "resolved": "https://registry.npmjs.org/redux/-/redux-3.7.2.tgz",
      "integrity": "sha512-pNqnf9q1hI5HHZRBkj3bAngGZW/JMCmexDlOxw4XagXY2o1327nHH54LoTjiPJ0gizoqPDRqWyX/00g0hD6w+A==",
      "requires": {
        "lodash": "4.17.5",
        "lodash-es": "4.17.8",
        "loose-envify": "1.3.1",
        "symbol-observable": "1.2.0"
      }
    },
    "regenerator-runtime": {
      "version": "0.11.1",
      "resolved": "https://registry.npmjs.org/regenerator-runtime/-/regenerator-runtime-0.11.1.tgz",
      "integrity": "sha512-MguG95oij0fC3QV3URf4V2SDYGJhJnJGqvIIgdECeODCT98wSWDAJ94SSuVpYQUoTcGUIL6L4yNB7j1DFFHSBg=="
    },
    "safer-buffer": {
      "version": "2.1.2",
      "resolved": "https://nexus.choerodon.com.cn/repository/choerodon-npm/safer-buffer/-/safer-buffer-2.1.2.tgz",
      "integrity": "sha1-RPoWGwGHuVSd2Eu5GAL5vYOFzWo="
    },
    "setimmediate": {
      "version": "1.0.5",
      "resolved": "https://nexus.choerodon.com.cn/repository/choerodon-npm/setimmediate/-/setimmediate-1.0.5.tgz",
      "integrity": "sha1-KQy7Iy4waULX1+qbg3Mqt4VvgoU="
    },
    "style-utils": {
      "version": "0.1.16",
      "resolved": "https://registry.npmjs.org/style-utils/-/style-utils-0.1.16.tgz",
      "integrity": "sha512-na87RoberOP6CibL/jQpzFmDgD5SIIplB9/mpaAXaP7WGcBTPjM9AT7UfSt6DU9Q0/OXQfErMyzkAGlUWCPLMA=="
    },
    "stylelint-config-recommended": {
      "version": "2.1.0",
      "resolved": "https://nexus.choerodon.com.cn/repository/choerodon-npm/stylelint-config-recommended/-/stylelint-config-recommended-2.1.0.tgz",
      "integrity": "sha1-9SbVx3HGgRGG2ertvtAhlf7jCFg="
    },
    "stylelint-config-standard": {
      "version": "18.2.0",
      "resolved": "https://nexus.choerodon.com.cn/repository/choerodon-npm/stylelint-config-standard/-/stylelint-config-standard-18.2.0.tgz",
      "integrity": "sha1-YoMUmrp/ZPGHMa748Kv7Nc9hngY=",
      "requires": {
        "stylelint-config-recommended": "2.1.0"
      }
    },
    "symbol-observable": {
      "version": "1.2.0",
      "resolved": "https://registry.npmjs.org/symbol-observable/-/symbol-observable-1.2.0.tgz",
      "integrity": "sha512-e900nM8RRtGhlV36KGEU9k65K3mPb1WV70OdjfxlG2EAuM1noi/E/BaW/uMhL7bPEssK8QV57vN3esixjUvcXQ=="
    },
    "timeago-react": {
      "version": "2.0.0",
      "resolved": "https://nexus.choerodon.com.cn/repository/choerodon-npm/timeago-react/-/timeago-react-2.0.0.tgz",
      "integrity": "sha1-Ae186oCaDgNwbG7FYCv9Kfdtjkk=",
      "requires": {
        "timeago.js": "3.0.2"
      }
    },
    "timeago.js": {
      "version": "3.0.2",
      "resolved": "https://nexus.choerodon.com.cn/repository/choerodon-npm/timeago.js/-/timeago.js-3.0.2.tgz",
      "integrity": "sha1-MqZ+fA2IfqQspYjTquJvd95edsw=",
      "requires": {
        "@types/jquery": "2.0.48"
      }
    },
    "toggle-selection": {
      "version": "1.0.6",
      "resolved": "https://nexus.choerodon.com.cn/repository/choerodon-npm/toggle-selection/-/toggle-selection-1.0.6.tgz",
      "integrity": "sha1-bkWxJj8gF/oKzH2J14sVuL932jI="
    },
    "tween-functions": {
      "version": "1.2.0",
      "resolved": "http://registry.npm.taobao.org/tween-functions/download/tween-functions-1.2.0.tgz",
      "integrity": "sha1-GuOlDnxguz3vd06scHrLynO7w/8="
    },
    "type-detect": {
      "version": "4.0.8",
      "resolved": "https://registry.npmjs.org/type-detect/-/type-detect-4.0.8.tgz",
      "integrity": "sha512-0fr/mIH1dlO+x7TlcMy+bIDqKPsw/70tVyeHW787goQjhmqaZe10uwLujubK9q9Lg6Fiho1KUKDYz0Z7k7g5/g=="
    },
    "ua-parser-js": {
      "version": "0.7.17",
      "resolved": "http://registry.npm.taobao.org/ua-parser-js/download/ua-parser-js-0.7.17.tgz",
      "integrity": "sha1-6exflJi57JEOeuOsYmqAXE0J7Kw="
    },
    "warning": {
      "version": "3.0.0",
      "resolved": "https://nexus.choerodon.com.cn/repository/choerodon-npm/warning/-/warning-3.0.0.tgz",
      "integrity": "sha1-MuU3fLVy3kqwR1O9+IIcAe1gW3w=",
      "requires": {
        "loose-envify": "1.3.1"
      }
    },
    "whatwg-fetch": {
      "version": "2.0.4",
      "resolved": "https://nexus.choerodon.com.cn/repository/choerodon-npm/whatwg-fetch/-/whatwg-fetch-2.0.4.tgz",
      "integrity": "sha1-3eal3zFfnTmZGqF2IYU9cguFVm8="
    },
    "why-did-you-update": {
      "version": "0.1.1",
      "resolved": "http://registry.npm.taobao.org/why-did-you-update/download/why-did-you-update-0.1.1.tgz",
      "integrity": "sha1-xz02FRH+zYmQVumVTKmxq3YNMJc=",
      "dev": true,
      "requires": {
        "lodash.every": "4.6.0",
        "lodash.filter": "4.6.0",
        "lodash.isequal": "4.5.0",
        "lodash.isfunction": "3.0.9",
        "lodash.isstring": "4.0.1",
        "lodash.keys": "4.2.0",
        "lodash.pick": "4.4.0",
        "lodash.some": "4.6.0",
        "lodash.union": "4.6.0"
      }
    }
  }
}
